
Microsoft Visual Studio Solution File, Format Version 12.00
# Visual Studio Version 16
VisualStudioVersion = 16.0.32929.386
MinimumVisualStudioVersion = 10.0.40219.1
Project("{FAE04EC0-301F-11D3-BF4B-00C04F79EFBC}") = "aestheticblog", "aestheticblog\aestheticblog.csproj", "{7906DC9F-BC3A-40F4-A0C8-44B2C5696170}"
EndProject
Global
	GlobalSection(SolutionConfigurationPlatforms) = preSolution
		Debug|Any CPU = Debug|Any CPU
		Release|Any CPU = Release|Any CPU
	EndGlobalSection
	GlobalSection(ProjectConfigurationPlatforms) = postSolution
		{7906DC9F-BC3A-40F4-A0C8-44B2C5696170}.Debug|Any CPU.ActiveCfg = Debug|Any CPU
		{7906DC9F-BC3A-40F4-A0C8-44B2C5696170}.Debug|Any CPU.Build.0 = Debug|Any CPU
		{7906DC9F-BC3A-40F4-A0C8-44B2C5696170}.Release|Any CPU.ActiveCfg = Release|Any CPU
		{7906DC9F-BC3A-40F4-A0C8-44B2C5696170}.Release|Any CPU.Build.0 = Release|Any CPU
	EndGlobalSection
	GlobalSection(SolutionProperties) = preSolution
		HideSolutionNode = FALSE
	EndGlobalSection
	GlobalSection(ExtensibilityGlobals) = postSolution
		SolutionGuid = {08C06228-1467-41A2-A271-ECC5486475EA}
	EndGlobalSection
EndGlobal
